<?xml version="1.0" encoding="utf-8"?>
<Project ToolsVersion="4.0" xmlns="http://schemas.microsoft.com/developer/msbuild/2003">
  <ItemGroup>
    <Filter Include="Assets">
      <UniqueIdentifier>{681b6ba5-9dad-405e-851b-5b7b00c93bfd}</UniqueIdentifier>
    </Filter>
    <Filter Include="Assets\CardFaces">
      <UniqueIdentifier>{c5e6e863-60e0-45d1-adf3-fba0d32edf6f}</UniqueIdentifier>
    </Filter>
  </ItemGroup>
  <ItemGroup>
    <None Include="$(MSBuildThisFileDirectory)Assets\CardFaces\2_of_clubs.svg">
      <Filter>Assets\CardFaces</Filter>
    </None>
    <None Include="$(MSBuildThisFileDirectory)Assets\CardFaces\2_of_diamonds.svg">
      <Filter>Assets\CardFaces</Filter>
    </None>
    <None Include="$(MSBuildThisFileDirectory)Assets\CardFaces\2_of_hearts.svg">
      <Filter>Assets\CardFaces</Filter>
    </None>
    <None Include="$(MSBuildThisFileDirectory)Assets\CardFaces\2_of_spades.svg">
      <Filter>Assets\CardFaces</Filter>
    </None>
    <None Include="$(MSBuildThisFileDirectory)Assets\CardFaces\3_of_clubs.svg">
      <Filter>Assets\CardFaces</Filter>
    </None>
    <None Include="$(MSBuildThisFileDirectory)Assets\CardFaces\3_of_diamonds.svg">
      <Filter>Assets\CardFaces</Filter>
    </None>
    <None Include="$(MSBuildThisFileDirectory)Assets\CardFaces\3_of_hearts.svg">
      <Filter>Assets\CardFaces</Filter>
    </None>
    <None Include="$(MSBuildThisFileDirectory)Assets\CardFaces\3_of_spades.svg">
      <Filter>Assets\CardFaces</Filter>
    </None>
    <None Include="$(MSBuildThisFileDirectory)Assets\CardFaces\4_of_clubs.svg">
      <Filter>Assets\CardFaces</Filter>
    </None>
    <None Include="$(MSBuildThisFileDirectory)Assets\CardFaces\4_of_diamonds.svg">
      <Filter>Assets\CardFaces</Filter>
    </None>
    <None Include="$(MSBuildThisFileDirectory)Assets\CardFaces\4_of_hearts.svg">
      <Filter>Assets\CardFaces</Filter>
    </None>
    <None Include="$(MSBuildThisFileDirectory)Assets\CardFaces\4_of_spades.svg">
      <Filter>Assets\CardFaces</Filter>
    </None>
    <None Include="$(MSBuildThisFileDirectory)Assets\CardFaces\5_of_clubs.svg">
      <Filter>Assets\CardFaces</Filter>
    </None>
    <None Include="$(MSBuildThisFileDirectory)Assets\CardFaces\5_of_diamonds.svg">
      <Filter>Assets\CardFaces</Filter>
    </None>
    <None Include="$(MSBuildThisFileDirectory)Assets\CardFaces\5_of_hearts.svg">
      <Filter>Assets\CardFaces</Filter>
    </None>
    <None Include="$(MSBuildThisFileDirectory)Assets\CardFaces\5_of_spades.svg">
      <Filter>Assets\CardFaces</Filter>
    </None>
    <None Include="$(MSBuildThisFileDirectory)Assets\CardFaces\6_of_clubs.svg">
      <Filter>Assets\CardFaces</Filter>
    </None>
    <None Include="$(MSBuildThisFileDirectory)Assets\CardFaces\6_of_diamonds.svg">
      <Filter>Assets\CardFaces</Filter>
    </None>
    <None Include="$(MSBuildThisFileDirectory)Assets\CardFaces\6_of_hearts.svg">
      <Filter>Assets\CardFaces</Filter>
    </None>
    <None Include="$(MSBuildThisFileDirectory)Assets\CardFaces\6_of_spades.svg">
      <Filter>Assets\CardFaces</Filter>
    </None>
    <None Include="$(MSBuildThisFileDirectory)Assets\CardFaces\7_of_clubs.svg">
      <Filter>Assets\CardFaces</Filter>
    </None>
    <None Include="$(MSBuildThisFileDirectory)Assets\CardFaces\7_of_diamonds.svg">
      <Filter>Assets\CardFaces</Filter>
    </None>
    <None Include="$(MSBuildThisFileDirectory)Assets\CardFaces\7_of_hearts.svg">
      <Filter>Assets\CardFaces</Filter>
    </None>
    <None Include="$(MSBuildThisFileDirectory)Assets\CardFaces\7_of_spades.svg">
      <Filter>Assets\CardFaces</Filter>
    </None>
    <None Include="$(MSBuildThisFileDirectory)Assets\CardFaces\8_of_clubs.svg">
      <Filter>Assets\CardFaces</Filter>
    </None>
    <None Include="$(MSBuildThisFileDirectory)Assets\CardFaces\8_of_diamonds.svg">
      <Filter>Assets\CardFaces</Filter>
    </None>
    <None Include="$(MSBuildThisFileDirectory)Assets\CardFaces\8_of_hearts.svg">
      <Filter>Assets\CardFaces</Filter>
    </None>
    <None Include="$(MSBuildThisFileDirectory)Assets\CardFaces\8_of_spades.svg">
      <Filter>Assets\CardFaces</Filter>
    </None>
    <None Include="$(MSBuildThisFileDirectory)Assets\CardFaces\9_of_clubs.svg">
      <Filter>Assets\CardFaces</Filter>
    </None>
    <None Include="$(MSBuildThisFileDirectory)Assets\CardFaces\9_of_diamonds.svg">
      <Filter>Assets\CardFaces</Filter>
    </None>
    <None Include="$(MSBuildThisFileDirectory)Assets\CardFaces\9_of_hearts.svg">
      <Filter>Assets\CardFaces</Filter>
    </None>
    <None Include="$(MSBuildThisFileDirectory)Assets\CardFaces\9_of_spades.svg">
      <Filter>Assets\CardFaces</Filter>
    </None>
    <None Include="$(MSBuildThisFileDirectory)Assets\CardFaces\10_of_clubs.svg">
      <Filter>Assets\CardFaces</Filter>
    </None>
    <None Include="$(MSBuildThisFileDirectory)Assets\CardFaces\10_of_diamonds.svg">
      <Filter>Assets\CardFaces</Filter>
    </None>
    <None Include="$(MSBuildThisFileDirectory)Assets\CardFaces\10_of_hearts.svg">
      <Filter>Assets\CardFaces</Filter>
    </None>
    <None Include="$(MSBuildThisFileDirectory)Assets\CardFaces\10_of_spades.svg">
      <Filter>Assets\CardFaces</Filter>
    </None>
    <None Include="$(MSBuildThisFileDirectory)Assets\CardFaces\ace_of_clubs.svg">
      <Filter>Assets\CardFaces</Filter>
    </None>
    <None Include="$(MSBuildThisFileDirectory)Assets\CardFaces\ace_of_diamonds.svg">
      <Filter>Assets\CardFaces</Filter>
    </None>
    <None Include="$(MSBuildThisFileDirectory)Assets\CardFaces\ace_of_hearts.svg">
      <Filter>Assets\CardFaces</Filter>
    </None>
    <None Include="$(MSBuildThisFileDirectory)Assets\CardFaces\ace_of_spades.svg">
      <Filter>Assets\CardFaces</Filter>
    </None>
    <None Include="$(MSBuildThisFileDirectory)Assets\CardFaces\jack_of_clubs.svg">
      <Filter>Assets\CardFaces</Filter>
    </None>
    <None Include="$(MSBuildThisFileDirectory)Assets\CardFaces\jack_of_diamonds.svg">
      <Filter>Assets\CardFaces</Filter>
    </None>
    <None Include="$(MSBuildThisFileDirectory)Assets\CardFaces\jack_of_hearts.svg">
      <Filter>Assets\CardFaces</Filter>
    </None>
    <None Include="$(MSBuildThisFileDirectory)Assets\CardFaces\jack_of_spades.svg">
      <Filter>Assets\CardFaces</Filter>
    </None>
    <None Include="$(MSBuildThisFileDirectory)Assets\CardFaces\king_of_clubs.svg">
      <Filter>Assets\CardFaces</Filter>
    </None>
    <None Include="$(MSBuildThisFileDirectory)Assets\CardFaces\king_of_diamonds.svg">
      <Filter>Assets\CardFaces</Filter>
    </None>
    <None Include="$(MSBuildThisFileDirectory)Assets\CardFaces\king_of_hearts.svg">
      <Filter>Assets\CardFaces</Filter>
    </None>
    <None Include="$(MSBuildThisFileDirectory)Assets\CardFaces\king_of_spades.svg">
      <Filter>Assets\CardFaces</Filter>
    </None>
    <None Include="$(MSBuildThisFileDirectory)Assets\CardFaces\queen_of_clubs.svg">
      <Filter>Assets\CardFaces</Filter>
    </None>
    <None Include="$(MSBuildThisFileDirectory)Assets\CardFaces\queen_of_diamonds.svg">
      <Filter>Assets\CardFaces</Filter>
    </None>
    <None Include="$(MSBuildThisFileDirectory)Assets\CardFaces\queen_of_hearts.svg">
      <Filter>Assets\CardFaces</Filter>
    </None>
    <None Include="$(MSBuildThisFileDirectory)Assets\CardFaces\queen_of_spades.svg">
      <Filter>Assets\CardFaces</Filter>
    </None>
  </ItemGroup>
</Project>